
Microsoft Visual Studio Solution File, Format Version 12.00
# Visual Studio Version 16
VisualStudioVersion = 16.0.30717.126
MinimumVisualStudioVersion = 10.0.40219.1
Project("{FAE04EC0-301F-11D3-BF4B-00C04F79EFBC}") = "Pirlogeanu_AlexandruGabriel_Lab2", "Pirlogeanu_AlexandruGabriel_Lab2\Pirlogeanu_AlexandruGabriel_Lab2.csproj", "{4333D86B-47CB-4B50-88B0-620EB40B8E48}"
EndProject
Global
	GlobalSection(SolutionConfigurationPlatforms) = preSolution
		Debug|Any CPU = Debug|Any CPU
		Release|Any CPU = Release|Any CPU
	EndGlobalSection
	GlobalSection(ProjectConfigurationPlatforms) = postSolution
		{4333D86B-47CB-4B50-88B0-620EB40B8E48}.Debug|Any CPU.ActiveCfg = Debug|Any CPU
		{4333D86B-47CB-4B50-88B0-620EB40B8E48}.Debug|Any CPU.Build.0 = Debug|Any CPU
		{4333D86B-47CB-4B50-88B0-620EB40B8E48}.Release|Any CPU.ActiveCfg = Release|Any CPU
		{4333D86B-47CB-4B50-88B0-620EB40B8E48}.Release|Any CPU.Build.0 = Release|Any CPU
	EndGlobalSection
	GlobalSection(SolutionProperties) = preSolution
		HideSolutionNode = FALSE
	EndGlobalSection
	GlobalSection(ExtensibilityGlobals) = postSolution
		SolutionGuid = {04E5C52E-37EA-4377-A4AE-1DACE3F8C3F8}
	EndGlobalSection
EndGlobal
